// !$*UTF8*$!
{
	archiveVersion = 1;
	classes = {
	};
	objectVersion = 50;
	objects = {

/* Begin PBXBuildFile section */
		F04C37F324962805009214B2 /* UIView + Extension.swift in Sources */ = {isa = PBXBuildFile; fileRef = F04C37F224962805009214B2 /* UIView + Extension.swift */; };
		F04C37F52496342E009214B2 /* SF-Pro-Rounded-Medium.otf in Resources */ = {isa = PBXBuildFile; fileRef = F04C37F42496342E009214B2 /* SF-Pro-Rounded-Medium.otf */; };
		F04C37F72496343B009214B2 /* SF-Pro-Rounded-Semibold.otf in Resources */ = {isa = PBXBuildFile; fileRef = F04C37F62496343B009214B2 /* SF-Pro-Rounded-Semibold.otf */; };
		F04C37F924963443009214B2 /* SF-Pro-Rounded-Regular.otf in Resources */ = {isa = PBXBuildFile; fileRef = F04C37F824963443009214B2 /* SF-Pro-Rounded-Regular.otf */; };
		F04C37FB249635E8009214B2 /* UIFont + Extension.swift in Sources */ = {isa = PBXBuildFile; fileRef = F04C37FA249635E8009214B2 /* UIFont + Extension.swift */; };
		F09A088D24954E6E00078271 /* AppDelegate.swift in Sources */ = {isa = PBXBuildFile; fileRef = F09A088C24954E6E00078271 /* AppDelegate.swift */; };
		F09A088F24954E6E00078271 /* SceneDelegate.swift in Sources */ = {isa = PBXBuildFile; fileRef = F09A088E24954E6E00078271 /* SceneDelegate.swift */; };
		F09A089124954E6E00078271 /* ContactsViewController.swift in Sources */ = {isa = PBXBuildFile; fileRef = F09A089024954E6E00078271 /* ContactsViewController.swift */; };
		F09A089624954E6F00078271 /* Assets.xcassets in Resources */ = {isa = PBXBuildFile; fileRef = F09A089524954E6F00078271 /* Assets.xcassets */; };
		F09A089924954E6F00078271 /* LaunchScreen.storyboard in Resources */ = {isa = PBXBuildFile; fileRef = F09A089724954E6F00078271 /* LaunchScreen.storyboard */; };
		F09A08A124954E7A00078271 /* favouriteUsers.json in Resources */ = {isa = PBXBuildFile; fileRef = F09A08A024954E7A00078271 /* favouriteUsers.json */; };
		F09A08A324954E7F00078271 /* contactUsers.json in Resources */ = {isa = PBXBuildFile; fileRef = F09A08A224954E7F00078271 /* contactUsers.json */; };
		F09A08A524954F4200078271 /* MainTabBarController.swift in Sources */ = {isa = PBXBuildFile; fileRef = F09A08A424954F4200078271 /* MainTabBarController.swift */; };
		F09A08A72495501D00078271 /* RecentViewController.swift in Sources */ = {isa = PBXBuildFile; fileRef = F09A08A62495501D00078271 /* RecentViewController.swift */; };
		F09A08A92495550C00078271 /* Bundle + Extension.swift in Sources */ = {isa = PBXBuildFile; fileRef = F09A08A82495550C00078271 /* Bundle + Extension.swift */; };
		F09A08AB2495565900078271 /* ProfileCell.swift in Sources */ = {isa = PBXBuildFile; fileRef = F09A08AA2495565900078271 /* ProfileCell.swift */; };
		F09A08AD2495572400078271 /* UserModel.swift in Sources */ = {isa = PBXBuildFile; fileRef = F09A08AC2495572400078271 /* UserModel.swift */; };
		F09A08AF2495573600078271 /* SelfConfiguringCell.swift in Sources */ = {isa = PBXBuildFile; fileRef = F09A08AE2495573600078271 /* SelfConfiguringCell.swift */; };
		F09A08B62495579600078271 /* FavouriteCell.swift in Sources */ = {isa = PBXBuildFile; fileRef = F09A08B52495579600078271 /* FavouriteCell.swift */; };
		F09A08B8249557A000078271 /* ContactCell.swift in Sources */ = {isa = PBXBuildFile; fileRef = F09A08B7249557A000078271 /* ContactCell.swift */; };
		F09A08BA24955B7700078271 /* UIViewController + Extension.swift in Sources */ = {isa = PBXBuildFile; fileRef = F09A08B924955B7700078271 /* UIViewController + Extension.swift */; };
		F0A2B3D12496250A00A7D62B /* SectionHeader.swift in Sources */ = {isa = PBXBuildFile; fileRef = F0A2B3D02496250A00A7D62B /* SectionHeader.swift */; };
/* End PBXBuildFile section */

/* Begin PBXFileReference section */
		F04C37F224962805009214B2 /* UIView + Extension.swift */ = {isa = PBXFileReference; lastKnownFileType = sourcecode.swift; path = "UIView + Extension.swift"; sourceTree = "<group>"; };
		F04C37F42496342E009214B2 /* SF-Pro-Rounded-Medium.otf */ = {isa = PBXFileReference; lastKnownFileType = file; path = "SF-Pro-Rounded-Medium.otf"; sourceTree = "<group>"; };
		F04C37F62496343B009214B2 /* SF-Pro-Rounded-Semibold.otf */ = {isa = PBXFileReference; lastKnownFileType = file; path = "SF-Pro-Rounded-Semibold.otf"; sourceTree = "<group>"; };
		F04C37F824963443009214B2 /* SF-Pro-Rounded-Regular.otf */ = {isa = PBXFileReference; lastKnownFileType = file; path = "SF-Pro-Rounded-Regular.otf"; sourceTree = "<group>"; };
		F04C37FA249635E8009214B2 /* UIFont + Extension.swift */ = {isa = PBXFileReference; lastKnownFileType = sourcecode.swift; path = "UIFont + Extension.swift"; sourceTree = "<group>"; };
		F09A088924954E6E00078271 /* Contacts.app */ = {isa = PBXFileReference; explicitFileType = wrapper.application; includeInIndex = 0; path = Contacts.app; sourceTree = BUILT_PRODUCTS_DIR; };
		F09A088C24954E6E00078271 /* AppDelegate.swift */ = {isa = PBXFileReference; lastKnownFileType = sourcecode.swift; path = AppDelegate.swift; sourceTree = "<group>"; };
		F09A088E24954E6E00078271 /* SceneDelegate.swift */ = {isa = PBXFileReference; lastKnownFileType = sourcecode.swift; path = SceneDelegate.swift; sourceTree = "<group>"; };
		F09A089024954E6E00078271 /* ContactsViewController.swift */ = {isa = PBXFileReference; lastKnownFileType = sourcecode.swift; path = ContactsViewController.swift; sourceTree = "<group>"; };
		F09A089524954E6F00078271 /* Assets.xcassets */ = {isa = PBXFileReference; lastKnownFileType = folder.assetcatalog; path = Assets.xcassets; sourceTree = "<group>"; };
		F09A089824954E6F00078271 /* Base */ = {isa = PBXFileReference; lastKnownFileType = file.storyboard; name = Base; path = Base.lproj/LaunchScreen.storyboard; sourceTree = "<group>"; };
		F09A089A24954E6F00078271 /* Info.plist */ = {isa = PBXFileReference; lastKnownFileType = text.plist.xml; path = Info.plist; sourceTree = "<group>"; };
		F09A08A024954E7A00078271 /* favouriteUsers.json */ = {isa = PBXFileReference; fileEncoding = 4; lastKnownFileType = text.json; path = favouriteUsers.json; sourceTree = "<group>"; };
		F09A08A224954E7F00078271 /* contactUsers.json */ = {isa = PBXFileReference; fileEncoding = 4; lastKnownFileType = text.json; path = contactUsers.json; sourceTree = "<group>"; };
		F09A08A424954F4200078271 /* MainTabBarController.swift */ = {isa = PBXFileReference; lastKnownFileType = sourcecode.swift; path = MainTabBarController.swift; sourceTree = "<group>"; };
		F09A08A62495501D00078271 /* RecentViewController.swift */ = {isa = PBXFileReference; lastKnownFileType = sourcecode.swift; path = RecentViewController.swift; sourceTree = "<group>"; };
		F09A08A82495550C00078271 /* Bundle + Extension.swift */ = {isa = PBXFileReference; fileEncoding = 4; lastKnownFileType = sourcecode.swift; path = "Bundle + Extension.swift"; sourceTree = "<group>"; };
		F09A08AA2495565900078271 /* ProfileCell.swift */ = {isa = PBXFileReference; lastKnownFileType = sourcecode.swift; path = ProfileCell.swift; sourceTree = "<group>"; };
		F09A08AC2495572400078271 /* UserModel.swift */ = {isa = PBXFileReference; lastKnownFileType = sourcecode.swift; path = UserModel.swift; sourceTree = "<group>"; };
		F09A08AE2495573600078271 /* SelfConfiguringCell.swift */ = {isa = PBXFileReference; lastKnownFileType = sourcecode.swift; path = SelfConfiguringCell.swift; sourceTree = "<group>"; };
		F09A08B52495579600078271 /* FavouriteCell.swift */ = {isa = PBXFileReference; lastKnownFileType = sourcecode.swift; path = FavouriteCell.swift; sourceTree = "<group>"; };
		F09A08B7249557A000078271 /* ContactCell.swift */ = {isa = PBXFileReference; lastKnownFileType = sourcecode.swift; path = ContactCell.swift; sourceTree = "<group>"; };
		F09A08B924955B7700078271 /* UIViewController + Extension.swift */ = {isa = PBXFileReference; lastKnownFileType = sourcecode.swift; path = "UIViewController + Extension.swift"; sourceTree = "<group>"; };
		F0A2B3D02496250A00A7D62B /* SectionHeader.swift */ = {isa = PBXFileReference; lastKnownFileType = sourcecode.swift; path = SectionHeader.swift; sourceTree = "<group>"; };
/* End PBXFileReference section */

/* Begin PBXFrameworksBuildPhase section */
		F09A088624954E6E00078271 /* Frameworks */ = {
			isa = PBXFrameworksBuildPhase;
			buildActionMask = 2147483647;
			files = (
			);
			runOnlyForDeploymentPostprocessing = 0;
		};
/* End PBXFrameworksBuildPhase section */

/* Begin PBXGroup section */
		F026646F24AF72A4003DC084 /* Views */ = {
			isa = PBXGroup;
			children = (
				F026647024AF72AF003DC084 /* Suplementary */,
				F09A08B02495574D00078271 /* Cell */,
			);
			path = Views;
			sourceTree = "<group>";
		};
		F026647024AF72AF003DC084 /* Suplementary */ = {
			isa = PBXGroup;
			children = (
				F0A2B3D02496250A00A7D62B /* SectionHeader.swift */,
			);
			path = Suplementary;
			sourceTree = "<group>";
		};
		F09A088024954E6E00078271 = {
			isa = PBXGroup;
			children = (
				F09A088B24954E6E00078271 /* Contacts */,
				F09A088A24954E6E00078271 /* Products */,
			);
			sourceTree = "<group>";
		};
		F09A088A24954E6E00078271 /* Products */ = {
			isa = PBXGroup;
			children = (
				F09A088924954E6E00078271 /* Contacts.app */,
			);
			name = Products;
			sourceTree = "<group>";
		};
		F09A088B24954E6E00078271 /* Contacts */ = {
			isa = PBXGroup;
			children = (
				F09A088C24954E6E00078271 /* AppDelegate.swift */,
				F09A088E24954E6E00078271 /* SceneDelegate.swift */,
				F09A08B12495575500078271 /* Models */,
				F09A08B32495576500078271 /* Controllers */,
				F026646F24AF72A4003DC084 /* Views */,
				F09A08B22495575A00078271 /* Protocols */,
				F09A08B42495577300078271 /* Extensions */,
				F09A08A024954E7A00078271 /* favouriteUsers.json */,
				F09A08A224954E7F00078271 /* contactUsers.json */,
				F04C37F42496342E009214B2 /* SF-Pro-Rounded-Medium.otf */,
				F04C37F62496343B009214B2 /* SF-Pro-Rounded-Semibold.otf */,
				F04C37F824963443009214B2 /* SF-Pro-Rounded-Regular.otf */,
				F09A089524954E6F00078271 /* Assets.xcassets */,
				F09A089724954E6F00078271 /* LaunchScreen.storyboard */,
				F09A089A24954E6F00078271 /* Info.plist */,
			);
			path = Contacts;
			sourceTree = "<group>";
		};
		F09A08B02495574D00078271 /* Cell */ = {
			isa = PBXGroup;
			children = (
				F09A08AA2495565900078271 /* ProfileCell.swift */,
				F09A08B52495579600078271 /* FavouriteCell.swift */,
				F09A08B7249557A000078271 /* ContactCell.swift */,
			);
			path = Cell;
			sourceTree = "<group>";
		};
		F09A08B12495575500078271 /* Models */ = {
			isa = PBXGroup;
			children = (
				F09A08AC2495572400078271 /* UserModel.swift */,
			);
			path = Models;
			sourceTree = "<group>";
		};
		F09A08B22495575A00078271 /* Protocols */ = {
			isa = PBXGroup;
			children = (
				F09A08AE2495573600078271 /* SelfConfiguringCell.swift */,
			);
			path = Protocols;
			sourceTree = "<group>";
		};
		F09A08B32495576500078271 /* Controllers */ = {
			isa = PBXGroup;
			children = (
				F09A08A424954F4200078271 /* MainTabBarController.swift */,
				F09A089024954E6E00078271 /* ContactsViewController.swift */,
				F09A08A62495501D00078271 /* RecentViewController.swift */,
			);
			path = Controllers;
			sourceTree = "<group>";
		};
		F09A08B42495577300078271 /* Extensions */ = {
			isa = PBXGroup;
			children = (
				F04C37F224962805009214B2 /* UIView + Extension.swift */,
				F09A08A82495550C00078271 /* Bundle + Extension.swift */,
				F09A08B924955B7700078271 /* UIViewController + Extension.swift */,
				F04C37FA249635E8009214B2 /* UIFont + Extension.swift */,
			);
			path = Extensions;
			sourceTree = "<group>";
		};
/* End PBXGroup section */

/* Begin PBXNativeTarget section */
		F09A088824954E6E00078271 /* Contacts */ = {
			isa = PBXNativeTarget;
			buildConfigurationList = F09A089D24954E6F00078271 /* Build configuration list for PBXNativeTarget "Contacts" */;
			buildPhases = (
				F09A088524954E6E00078271 /* Sources */,
				F09A088624954E6E00078271 /* Frameworks */,
				F09A088724954E6E00078271 /* Resources */,
			);
			buildRules = (
			);
			dependencies = (
			);
			name = Contacts;
			productName = Contacts;
			productReference = F09A088924954E6E00078271 /* Contacts.app */;
			productType = "com.apple.product-type.application";
		};
/* End PBXNativeTarget section */

/* Begin PBXProject section */
		F09A088124954E6E00078271 /* Project object */ = {
			isa = PBXProject;
			attributes = {
				LastSwiftUpdateCheck = 1150;
				LastUpgradeCheck = 1150;
				ORGANIZATIONNAME = "Алексей Пархоменко";
				TargetAttributes = {
					F09A088824954E6E00078271 = {
						CreatedOnToolsVersion = 11.5;
					};
				};
			};
			buildConfigurationList = F09A088424954E6E00078271 /* Build configuration list for PBXProject "Contacts" */;
			compatibilityVersion = "Xcode 9.3";
			developmentRegion = en;
			hasScannedForEncodings = 0;
			knownRegions = (
				en,
				Base,
			);
			mainGroup = F09A088024954E6E00078271;
			productRefGroup = F09A088A24954E6E00078271 /* Products */;
			projectDirPath = "";
			projectRoot = "";
			targets = (
				F09A088824954E6E00078271 /* Contacts */,
			);
		};
/* End PBXProject section */

/* Begin PBXResourcesBuildPhase section */
		F09A088724954E6E00078271 /* Resources */ = {
			isa = PBXResourcesBuildPhase;
			buildActionMask = 2147483647;
			files = (
				F09A089924954E6F00078271 /* LaunchScreen.storyboard in Resources */,
				F04C37F924963443009214B2 /* SF-Pro-Rounded-Regular.otf in Resources */,
				F04C37F72496343B009214B2 /* SF-Pro-Rounded-Semibold.otf in Resources */,
				F04C37F52496342E009214B2 /* SF-Pro-Rounded-Medium.otf in Resources */,
				F09A089624954E6F00078271 /* Assets.xcassets in Resources */,
				F09A08A324954E7F00078271 /* contactUsers.json in Resources */,
				F09A08A124954E7A00078271 /* favouriteUsers.json in Resources */,
			);
			runOnlyForDeploymentPostprocessing = 0;
		};
/* End PBXResourcesBuildPhase section */

/* Begin PBXSourcesBuildPhase section */
		F09A088524954E6E00078271 /* Sources */ = {
			isa = PBXSourcesBuildPhase;
			buildActionMask = 2147483647;
			files = (
				F04C37FB249635E8009214B2 /* UIFont + Extension.swift in Sources */,
				F09A089124954E6E00078271 /* ContactsViewController.swift in Sources */,
				F09A08A72495501D00078271 /* RecentViewController.swift in Sources */,
				F09A08AD2495572400078271 /* UserModel.swift in Sources */,
				F09A088D24954E6E00078271 /* AppDelegate.swift in Sources */,
				F04C37F324962805009214B2 /* UIView + Extension.swift in Sources */,
				F09A08A92495550C00078271 /* Bundle + Extension.swift in Sources */,
				F09A08B62495579600078271 /* FavouriteCell.swift in Sources */,
				F09A08B8249557A000078271 /* ContactCell.swift in Sources */,
				F09A08A524954F4200078271 /* MainTabBarController.swift in Sources */,
				F09A088F24954E6E00078271 /* SceneDelegate.swift in Sources */,
				F09A08AB2495565900078271 /* ProfileCell.swift in Sources */,
				F09A08BA24955B7700078271 /* UIViewController + Extension.swift in Sources */,
				F09A08AF2495573600078271 /* SelfConfiguringCell.swift in Sources */,
				F0A2B3D12496250A00A7D62B /* SectionHeader.swift in Sources */,
			);
			runOnlyForDeploymentPostprocessing = 0;
		};
/* End PBXSourcesBuildPhase section */

/* Begin PBXVariantGroup section */
		F09A089724954E6F00078271 /* LaunchScreen.storyboard */ = {
			isa = PBXVariantGroup;
			children = (
				F09A089824954E6F00078271 /* Base */,
			);
			name = LaunchScreen.storyboard;
			sourceTree = "<group>";
		};
/* End PBXVariantGroup section */

/* Begin XCBuildConfiguration section */
		F09A089B24954E6F00078271 /* Debug */ = {
			isa = XCBuildConfiguration;
			buildSettings = {
				ALWAYS_SEARCH_USER_PATHS = NO;
				CLANG_ANALYZER_NONNULL = YES;
				CLANG_ANALYZER_NUMBER_OBJECT_CONVERSION = YES_AGGRESSIVE;
				CLANG_CXX_LANGUAGE_STANDARD = "gnu++14";
				CLANG_CXX_LIBRARY = "libc++";
				CLANG_ENABLE_MODULES = YES;
				CLANG_ENABLE_OBJC_ARC = YES;
				CLANG_ENABLE_OBJC_WEAK = YES;
				CLANG_WARN_BLOCK_CAPTURE_AUTORELEASING = YES;
				CLANG_WARN_BOOL_CONVERSION = YES;
				CLANG_WARN_COMMA = YES;
				CLANG_WARN_CONSTANT_CONVERSION = YES;
				CLANG_WARN_DEPRECATED_OBJC_IMPLEMENTATIONS = YES;
				CLANG_WARN_DIRECT_OBJC_ISA_USAGE = YES_ERROR;
				CLANG_WARN_DOCUMENTATION_COMMENTS = YES;
				CLANG_WARN_EMPTY_BODY = YES;
				CLANG_WARN_ENUM_CONVERSION = YES;
				CLANG_WARN_INFINITE_RECURSION = YES;
				CLANG_WARN_INT_CONVERSION = YES;
				CLANG_WARN_NON_LITERAL_NULL_CONVERSION = YES;
				CLANG_WARN_OBJC_IMPLICIT_RETAIN_SELF = YES;
				CLANG_WARN_OBJC_LITERAL_CONVERSION = YES;
				CLANG_WARN_OBJC_ROOT_CLASS = YES_ERROR;
				CLANG_WARN_RANGE_LOOP_ANALYSIS = YES;
				CLANG_WARN_STRICT_PROTOTYPES = YES;
				CLANG_WARN_SUSPICIOUS_MOVE = YES;
				CLANG_WARN_UNGUARDED_AVAILABILITY = YES_AGGRESSIVE;
				CLANG_WARN_UNREACHABLE_CODE = YES;
				CLANG_WARN__DUPLICATE_METHOD_MATCH = YES;
				COPY_PHASE_STRIP = NO;
				DEBUG_INFORMATION_FORMAT = dwarf;
				ENABLE_STRICT_OBJC_MSGSEND = YES;
				ENABLE_TESTABILITY = YES;
				GCC_C_LANGUAGE_STANDARD = gnu11;
				GCC_DYNAMIC_NO_PIC = NO;
				GCC_NO_COMMON_BLOCKS = YES;
				GCC_OPTIMIZATION_LEVEL = 0;
				GCC_PREPROCESSOR_DEFINITIONS = (
					"DEBUG=1",
					"$(inherited)",
				);
				GCC_WARN_64_TO_32_BIT_CONVERSION = YES;
				GCC_WARN_ABOUT_RETURN_TYPE = YES_ERROR;
				GCC_WARN_UNDECLARED_SELECTOR = YES;
				GCC_WARN_UNINITIALIZED_AUTOS = YES_AGGRESSIVE;
				GCC_WARN_UNUSED_FUNCTION = YES;
				GCC_WARN_UNUSED_VARIABLE = YES;
				IPHONEOS_DEPLOYMENT_TARGET = 13.5;
				MTL_ENABLE_DEBUG_INFO = INCLUDE_SOURCE;
				MTL_FAST_MATH = YES;
				ONLY_ACTIVE_ARCH = YES;
				SDKROOT = iphoneos;
				SWIFT_ACTIVE_COMPILATION_CONDITIONS = DEBUG;
				SWIFT_OPTIMIZATION_LEVEL = "-Onone";
			};
			name = Debug;
		};
		F09A089C24954E6F00078271 /* Release */ = {
			isa = XCBuildConfiguration;
			buildSettings = {
				ALWAYS_SEARCH_USER_PATHS = NO;
				CLANG_ANALYZER_NONNULL = YES;
				CLANG_ANALYZER_NUMBER_OBJECT_CONVERSION = YES_AGGRESSIVE;
				CLANG_CXX_LANGUAGE_STANDARD = "gnu++14";
				CLANG_CXX_LIBRARY = "libc++";
				CLANG_ENABLE_MODULES = YES;
				CLANG_ENABLE_OBJC_ARC = YES;
				CLANG_ENABLE_OBJC_WEAK = YES;
				CLANG_WARN_BLOCK_CAPTURE_AUTORELEASING = YES;
				CLANG_WARN_BOOL_CONVERSION = YES;
				CLANG_WARN_COMMA = YES;
				CLANG_WARN_CONSTANT_CONVERSION = YES;
				CLANG_WARN_DEPRECATED_OBJC_IMPLEMENTATIONS = YES;
				CLANG_WARN_DIRECT_OBJC_ISA_USAGE = YES_ERROR;
				CLANG_WARN_DOCUMENTATION_COMMENTS = YES;
				CLANG_WARN_EMPTY_BODY = YES;
				CLANG_WARN_ENUM_CONVERSION = YES;
				CLANG_WARN_INFINITE_RECURSION = YES;
				CLANG_WARN_INT_CONVERSION = YES;
				CLANG_WARN_NON_LITERAL_NULL_CONVERSION = YES;
				CLANG_WARN_OBJC_IMPLICIT_RETAIN_SELF = YES;
				CLANG_WARN_OBJC_LITERAL_CONVERSION = YES;
				CLANG_WARN_OBJC_ROOT_CLASS = YES_ERROR;
				CLANG_WARN_RANGE_LOOP_ANALYSIS = YES;
				CLANG_WARN_STRICT_PROTOTYPES = YES;
				CLANG_WARN_SUSPICIOUS_MOVE = YES;
				CLANG_WARN_UNGUARDED_AVAILABILITY = YES_AGGRESSIVE;
				CLANG_WARN_UNREACHABLE_CODE = YES;
				CLANG_WARN__DUPLICATE_METHOD_MATCH = YES;
				COPY_PHASE_STRIP = NO;
				DEBUG_INFORMATION_FORMAT = "dwarf-with-dsym";
				ENABLE_NS_ASSERTIONS = NO;
				ENABLE_STRICT_OBJC_MSGSEND = YES;
				GCC_C_LANGUAGE_STANDARD = gnu11;
				GCC_NO_COMMON_BLOCKS = YES;
				GCC_WARN_64_TO_32_BIT_CONVERSION = YES;
				GCC_WARN_ABOUT_RETURN_TYPE = YES_ERROR;
				GCC_WARN_UNDECLARED_SELECTOR = YES;
				GCC_WARN_UNINITIALIZED_AUTOS = YES_AGGRESSIVE;
				GCC_WARN_UNUSED_FUNCTION = YES;
				GCC_WARN_UNUSED_VARIABLE = YES;
				IPHONEOS_DEPLOYMENT_TARGET = 13.5;
				MTL_ENABLE_DEBUG_INFO = NO;
				MTL_FAST_MATH = YES;
				SDKROOT = iphoneos;
				SWIFT_COMPILATION_MODE = wholemodule;
				SWIFT_OPTIMIZATION_LEVEL = "-O";
				VALIDATE_PRODUCT = YES;
			};
			name = Release;
		};
		F09A089E24954E6F00078271 /* Debug */ = {
			isa = XCBuildConfiguration;
			buildSettings = {
				ASSETCATALOG_COMPILER_APPICON_NAME = AppIcon;
				CODE_SIGN_STYLE = Automatic;
				DEVELOPMENT_TEAM = TSZQ4D456H;
				INFOPLIST_FILE = Contacts/Info.plist;
				LD_RUNPATH_SEARCH_PATHS = (
					"$(inherited)",
					"@executable_path/Frameworks",
				);
				PRODUCT_BUNDLE_IDENTIFIER = com.alexeyParkhomenko.Contacts;
				PRODUCT_NAME = "$(TARGET_NAME)";
				SWIFT_VERSION = 5.0;
				TARGETED_DEVICE_FAMILY = "1,2";
			};
			name = Debug;
		};
		F09A089F24954E6F00078271 /* Release */ = {
			isa = XCBuildConfiguration;
			buildSettings = {
				ASSETCATALOG_COMPILER_APPICON_NAME = AppIcon;
				CODE_SIGN_STYLE = Automatic;
				DEVELOPMENT_TEAM = TSZQ4D456H;
				INFOPLIST_FILE = Contacts/Info.plist;
				LD_RUNPATH_SEARCH_PATHS = (
					"$(inherited)",
					"@executable_path/Frameworks",
				);
				PRODUCT_BUNDLE_IDENTIFIER = com.alexeyParkhomenko.Contacts;
				PRODUCT_NAME = "$(TARGET_NAME)";
				SWIFT_VERSION = 5.0;
				TARGETED_DEVICE_FAMILY = "1,2";
			};
			name = Release;
		};
/* End XCBuildConfiguration section */

/* Begin XCConfigurationList section */
		F09A088424954E6E00078271 /* Build configuration list for PBXProject "Contacts" */ = {
			isa = XCConfigurationList;
			buildConfigurations = (
				F09A089B24954E6F00078271 /* Debug */,
				F09A089C24954E6F00078271 /* Release */,
			);
			defaultConfigurationIsVisible = 0;
			defaultConfigurationName = Release;
		};
		F09A089D24954E6F00078271 /* Build configuration list for PBXNativeTarget "Contacts" */ = {
			isa = XCConfigurationList;
			buildConfigurations = (
				F09A089E24954E6F00078271 /* Debug */,
				F09A089F24954E6F00078271 /* Release */,
			);
			defaultConfigurationIsVisible = 0;
			defaultConfigurationName = Release;
		};
/* End XCConfigurationList section */
	};
	rootObject = F09A088124954E6E00078271 /* Project object */;
}
